# This file is autogenerated, do not edit; changes may be undone by the next 'dep ensure'.


[[projects]]
  name = "github.com/pborman/uuid"
  packages = ["."]
  revision = "e790cca94e6cc75c7064b1332e63811d4aae1a53"
  version = "v1.1"

[solve-meta]
  analyzer-name = "dep"
  analyzer-version = 1
  inputs-digest = "05647e66d800c003d05bcb032f0044bdb4268234c4bde0f48b610f3e8be02c52"
  solver-name = "gps-cdcl"
  solver-version = 1
